
Microsoft Visual Studio Solution File, Format Version 12.00
# Visual Studio 15
VisualStudioVersion = 15.0.27004.2005
MinimumVisualStudioVersion = 10.0.40219.1
Project("{9A19103F-16F7-4668-BE54-9A1E7A4F7556}") = "NutzCode.CloudFileSystem", "NutzCode.CloudFileSystem\NutzCode.CloudFileSystem.csproj", "{4D130020-4D0E-49E0-BDDB-7B996AAB221A}"
EndProject
Project("{9A19103F-16F7-4668-BE54-9A1E7A4F7556}") = "NutzCode.CloudFileSystem.Plugins.AmazonCloudDrive", "NutzCode.CloudFileSystem.Plugins.AmazonCloudDrive\NutzCode.CloudFileSystem.Plugins.AmazonCloudDrive.csproj", "{1E98D437-D745-4FDF-82E5-82FF7F4D77AA}"
EndProject
Project("{9A19103F-16F7-4668-BE54-9A1E7A4F7556}") = "NutzCode.CloudFileSystem.Plugins.GoogleDrive", "NutzCode.CloudFileSystem.Plugins.GoogleDrive\NutzCode.CloudFileSystem.Plugins.GoogleDrive.csproj", "{05EAAAB5-3B6D-4A5C-B82A-E76ACE586288}"
EndProject
Project("{9A19103F-16F7-4668-BE54-9A1E7A4F7556}") = "NutzCode.CloudFileSystem.Plugins.LocalFileSystem", "NutzCode.CloudFileSystem.Plugins.LocalFileSystem\NutzCode.CloudFileSystem.Plugins.LocalFileSystem.csproj", "{EFEEBDF1-8BF7-49E6-9888-73F45EFAE205}"
EndProject
Project("{9A19103F-16F7-4668-BE54-9A1E7A4F7556}") = "NutzCode.CloudFileSystem.Plugins.OneDrive", "NutzCode.CloudFileSystem.Plugins.OneDrive\NutzCode.CloudFileSystem.Plugins.OneDrive.csproj", "{25D5198D-E79A-4A63-B227-C442EEBBE0CC}"
EndProject
Project("{FAE04EC0-301F-11D3-BF4B-00C04F79EFBC}") = "NutzCode.CloudFileSystem.OAuth.Windows.WPF", "NutzCode.CloudFileSystem.OAuth.Windows.WPF\NutzCode.CloudFileSystem.OAuth.Windows.WPF.csproj", "{F49382EF-3EDA-4A37-B7E7-97E967406BDD}"
EndProject
Project("{FAE04EC0-301F-11D3-BF4B-00C04F79EFBC}") = "NutzCode.CloudFileSystem.OAuth.Windows.WinForms", "NutzCode.CloudFileSystem.OAuth.Windows.WinForms\NutzCode.CloudFileSystem.OAuth.Windows.WinForms.csproj", "{3C5FBD3D-0329-4471-AD06-4410040351AA}"
EndProject
Project("{FAE04EC0-301F-11D3-BF4B-00C04F79EFBC}") = "NutzCode.CloudFileSystem.OAuth.Windows.Awesomium", "NutzCode.CloudFileSystem.OAuth.Windows.Awesomium\NutzCode.CloudFileSystem.OAuth.Windows.Awesomium.csproj", "{E8DDDD97-2393-45E9-BF12-C26643013DAF}"
EndProject
Project("{9A19103F-16F7-4668-BE54-9A1E7A4F7556}") = "NutzCode.Libraries.Web", "NutzCode.Libraries.Web\NutzCode.Libraries.Web.csproj", "{56DB0C86-C316-4633-AFF2-BCF6AF7A9994}"
EndProject
Global
	GlobalSection(SolutionConfigurationPlatforms) = preSolution
		Debug|Any CPU = Debug|Any CPU
		Release|Any CPU = Release|Any CPU
	EndGlobalSection
	GlobalSection(ProjectConfigurationPlatforms) = postSolution
		{4D130020-4D0E-49E0-BDDB-7B996AAB221A}.Debug|Any CPU.ActiveCfg = Debug|Any CPU
		{4D130020-4D0E-49E0-BDDB-7B996AAB221A}.Debug|Any CPU.Build.0 = Debug|Any CPU
		{4D130020-4D0E-49E0-BDDB-7B996AAB221A}.Release|Any CPU.ActiveCfg = Release|Any CPU
		{4D130020-4D0E-49E0-BDDB-7B996AAB221A}.Release|Any CPU.Build.0 = Release|Any CPU
		{1E98D437-D745-4FDF-82E5-82FF7F4D77AA}.Debug|Any CPU.ActiveCfg = Debug|Any CPU
		{1E98D437-D745-4FDF-82E5-82FF7F4D77AA}.Debug|Any CPU.Build.0 = Debug|Any CPU
		{1E98D437-D745-4FDF-82E5-82FF7F4D77AA}.Release|Any CPU.ActiveCfg = Release|Any CPU
		{1E98D437-D745-4FDF-82E5-82FF7F4D77AA}.Release|Any CPU.Build.0 = Release|Any CPU
		{05EAAAB5-3B6D-4A5C-B82A-E76ACE586288}.Debug|Any CPU.ActiveCfg = Debug|Any CPU
		{05EAAAB5-3B6D-4A5C-B82A-E76ACE586288}.Debug|Any CPU.Build.0 = Debug|Any CPU
		{05EAAAB5-3B6D-4A5C-B82A-E76ACE586288}.Release|Any CPU.ActiveCfg = Release|Any CPU
		{05EAAAB5-3B6D-4A5C-B82A-E76ACE586288}.Release|Any CPU.Build.0 = Release|Any CPU
		{EFEEBDF1-8BF7-49E6-9888-73F45EFAE205}.Debug|Any CPU.ActiveCfg = Debug|Any CPU
		{EFEEBDF1-8BF7-49E6-9888-73F45EFAE205}.Debug|Any CPU.Build.0 = Debug|Any CPU
		{EFEEBDF1-8BF7-49E6-9888-73F45EFAE205}.Release|Any CPU.ActiveCfg = Release|Any CPU
		{EFEEBDF1-8BF7-49E6-9888-73F45EFAE205}.Release|Any CPU.Build.0 = Release|Any CPU
		{25D5198D-E79A-4A63-B227-C442EEBBE0CC}.Debug|Any CPU.ActiveCfg = Debug|Any CPU
		{25D5198D-E79A-4A63-B227-C442EEBBE0CC}.Debug|Any CPU.Build.0 = Debug|Any CPU
		{25D5198D-E79A-4A63-B227-C442EEBBE0CC}.Release|Any CPU.ActiveCfg = Release|Any CPU
		{25D5198D-E79A-4A63-B227-C442EEBBE0CC}.Release|Any CPU.Build.0 = Release|Any CPU
		{F49382EF-3EDA-4A37-B7E7-97E967406BDD}.Debug|Any CPU.ActiveCfg = Debug|Any CPU
		{F49382EF-3EDA-4A37-B7E7-97E967406BDD}.Debug|Any CPU.Build.0 = Debug|Any CPU
		{F49382EF-3EDA-4A37-B7E7-97E967406BDD}.Release|Any CPU.ActiveCfg = Release|Any CPU
		{F49382EF-3EDA-4A37-B7E7-97E967406BDD}.Release|Any CPU.Build.0 = Release|Any CPU
		{3C5FBD3D-0329-4471-AD06-4410040351AA}.Debug|Any CPU.ActiveCfg = Debug|Any CPU
		{3C5FBD3D-0329-4471-AD06-4410040351AA}.Debug|Any CPU.Build.0 = Debug|Any CPU
		{3C5FBD3D-0329-4471-AD06-4410040351AA}.Release|Any CPU.ActiveCfg = Release|Any CPU
		{3C5FBD3D-0329-4471-AD06-4410040351AA}.Release|Any CPU.Build.0 = Release|Any CPU
		{E8DDDD97-2393-45E9-BF12-C26643013DAF}.Debug|Any CPU.ActiveCfg = Debug|Any CPU
		{E8DDDD97-2393-45E9-BF12-C26643013DAF}.Debug|Any CPU.Build.0 = Debug|Any CPU
		{E8DDDD97-2393-45E9-BF12-C26643013DAF}.Release|Any CPU.ActiveCfg = Release|Any CPU
		{E8DDDD97-2393-45E9-BF12-C26643013DAF}.Release|Any CPU.Build.0 = Release|Any CPU
		{56DB0C86-C316-4633-AFF2-BCF6AF7A9994}.Debug|Any CPU.ActiveCfg = Debug|Any CPU
		{56DB0C86-C316-4633-AFF2-BCF6AF7A9994}.Debug|Any CPU.Build.0 = Debug|Any CPU
		{56DB0C86-C316-4633-AFF2-BCF6AF7A9994}.Release|Any CPU.ActiveCfg = Release|Any CPU
		{56DB0C86-C316-4633-AFF2-BCF6AF7A9994}.Release|Any CPU.Build.0 = Release|Any CPU
	EndGlobalSection
	GlobalSection(SolutionProperties) = preSolution
		HideSolutionNode = FALSE
	EndGlobalSection
	GlobalSection(ExtensibilityGlobals) = postSolution
		SolutionGuid = {3C43A023-8716-43E1-9AD2-DEA07646CFD6}
	EndGlobalSection
EndGlobal
